
Microsoft Visual Studio Solution File, Format Version 12.00
# Visual Studio Version 16
VisualStudioVersion = 16.0.31729.503
MinimumVisualStudioVersion = 10.0.40219.1
Project("{FAE04EC0-301F-11D3-BF4B-00C04F79EFBC}") = "Control_Calorias", "Control_Calorias\Control_Calorias.csproj", "{772DD608-2BAB-4084-93C1-3ACB16BBFA21}"
EndProject
Global
	GlobalSection(SolutionConfigurationPlatforms) = preSolution
		Debug|Any CPU = Debug|Any CPU
		Release|Any CPU = Release|Any CPU
	EndGlobalSection
	GlobalSection(ProjectConfigurationPlatforms) = postSolution
		{772DD608-2BAB-4084-93C1-3ACB16BBFA21}.Debug|Any CPU.ActiveCfg = Debug|Any CPU
		{772DD608-2BAB-4084-93C1-3ACB16BBFA21}.Debug|Any CPU.Build.0 = Debug|Any CPU
		{772DD608-2BAB-4084-93C1-3ACB16BBFA21}.Release|Any CPU.ActiveCfg = Release|Any CPU
		{772DD608-2BAB-4084-93C1-3ACB16BBFA21}.Release|Any CPU.Build.0 = Release|Any CPU
	EndGlobalSection
	GlobalSection(SolutionProperties) = preSolution
		HideSolutionNode = FALSE
	EndGlobalSection
	GlobalSection(ExtensibilityGlobals) = postSolution
		SolutionGuid = {7AFCF425-D9A6-426A-BEED-69642D3C5265}
	EndGlobalSection
EndGlobal
